
Microsoft Visual Studio Solution File, Format Version 12.00
# Visual Studio 15
VisualStudioVersion = 15.0.28307.329
MinimumVisualStudioVersion = 10.0.40219.1
Project("{FAE04EC0-301F-11D3-BF4B-00C04F79EFBC}") = "Transport.Sample", "Transport.Sample\Transport.Sample.csproj", "{1C0EBF20-E5E6-4184-95B1-6E0BDB1C6C55}"
EndProject
Global
	GlobalSection(SolutionConfigurationPlatforms) = preSolution
		Debug|Any CPU = Debug|Any CPU
		Release|Any CPU = Release|Any CPU
	EndGlobalSection
	GlobalSection(ProjectConfigurationPlatforms) = postSolution
		{1C0EBF20-E5E6-4184-95B1-6E0BDB1C6C55}.Debug|Any CPU.ActiveCfg = Debug|Any CPU
		{1C0EBF20-E5E6-4184-95B1-6E0BDB1C6C55}.Debug|Any CPU.Build.0 = Debug|Any CPU
		{1C0EBF20-E5E6-4184-95B1-6E0BDB1C6C55}.Release|Any CPU.ActiveCfg = Release|Any CPU
		{1C0EBF20-E5E6-4184-95B1-6E0BDB1C6C55}.Release|Any CPU.Build.0 = Release|Any CPU
	EndGlobalSection
	GlobalSection(SolutionProperties) = preSolution
		HideSolutionNode = FALSE
	EndGlobalSection
	GlobalSection(ExtensibilityGlobals) = postSolution
		SolutionGuid = {1BA74D80-193B-4A72-8384-03BB6A6456C1}
	EndGlobalSection
EndGlobal
